
Microsoft Visual Studio Solution File, Format Version 12.00
# Visual Studio 15
VisualStudioVersion = 15.0.26711.1
MinimumVisualStudioVersion = 10.0.40219.1
Project("{FAE04EC0-301F-11D3-BF4B-00C04F79EFBC}") = "Clipper", "Clipper\Clipper.csproj", "{9D77FA39-4A49-4560-8B77-B7C901BA8CF4}"
EndProject
Global
	GlobalSection(SolutionConfigurationPlatforms) = preSolution
		Debug|Any CPU = Debug|Any CPU
		Release|Any CPU = Release|Any CPU
	EndGlobalSection
	GlobalSection(ProjectConfigurationPlatforms) = postSolution
		{9D77FA39-4A49-4560-8B77-B7C901BA8CF4}.Debug|Any CPU.ActiveCfg = Debug|Any CPU
		{9D77FA39-4A49-4560-8B77-B7C901BA8CF4}.Debug|Any CPU.Build.0 = Debug|Any CPU
		{9D77FA39-4A49-4560-8B77-B7C901BA8CF4}.Release|Any CPU.ActiveCfg = Release|Any CPU
		{9D77FA39-4A49-4560-8B77-B7C901BA8CF4}.Release|Any CPU.Build.0 = Release|Any CPU
	EndGlobalSection
	GlobalSection(SolutionProperties) = preSolution
		HideSolutionNode = FALSE
	EndGlobalSection
	GlobalSection(ExtensibilityGlobals) = postSolution
		SolutionGuid = {A9798C1A-4CD2-4D93-BF37-0B8E73BE356C}
	EndGlobalSection
EndGlobal
